# This file is generated by running "yarn install" inside your project.
# Manual changes might be lost - proceed with caution!

__metadata:
  version: 8
  cacheKey: 10c0

"flatpickr@npm:^4.6.13":
  version: 4.6.13
  resolution: "flatpickr@npm:4.6.13"
  checksum: 0e027e72a2ce1716840a8c0bf9094f48d2665dc3f3024bf9604810c5bd7dd94aa830b133c5b5cfc0c330fc88939f33b54c8714515957f9d194c3a3bb7f75a1e2
  languageName: node
  linkType: hard

"jquery@npm:^3.7.1":
  version: 3.7.1
  resolution: "jquery@npm:3.7.1"
  checksum: 808cfbfb758438560224bf26e17fcd5afc7419170230c810dd11f5c1792e2263e2970cca8d659eb84fcd9acc301edb6d310096e450277d54be4f57071b0c82d9
  languageName: node
  linkType: hard

"material-symbols@npm:^0.14.1":
  version: 0.14.1
  resolution: "material-symbols@npm:0.14.1"
  checksum: 7c91ccc92fead98ac785ec269981f54676b02e127646a02c162829154bd065ba4e9e7fcea0e2c3916e5117321e86156f35545f40f4aa8ae2807890b692c39192
  languageName: node
  linkType: hard

"root-workspace-0b6124@workspace:.":
  version: 0.0.0-use.local
  resolution: "root-workspace-0b6124@workspace:."
  dependencies:
    flatpickr: "npm:^4.6.13"
    jquery: "npm:^3.7.1"
    material-symbols: "npm:^0.14.1"
  languageName: unknown
  linkType: soft
